
Microsoft Visual Studio Solution File, Format Version 12.00
# Visual Studio 14
VisualStudioVersion = 14.0.25420.1
MinimumVisualStudioVersion = 10.0.40219.1
Project("{FAE04EC0-301F-11D3-BF4B-00C04F79EFBC}") = "MoviesWS.HostWeb", "MoviesWS.WebHost\MoviesWS.HostWeb.csproj", "{1282AD8A-F5B7-4452-81B4-32AA308839F1}"
EndProject
Project("{FAE04EC0-301F-11D3-BF4B-00C04F79EFBC}") = "MoviesWS.SOAPService", "MoviesWS.SOAPService\MoviesWS.SOAPService.csproj", "{084C69F5-3C2C-43E1-97E7-96913233BAC2}"
EndProject
Project("{FAE04EC0-301F-11D3-BF4B-00C04F79EFBC}") = "MoviesWS.Contracts", "MoviesWS.Contracts\MoviesWS.Contracts.csproj", "{12F83E37-4302-461A-A9B6-1E2B75B93E5F}"
EndProject
Project("{FAE04EC0-301F-11D3-BF4B-00C04F79EFBC}") = "MoviesWS.ConsumerCmdProxy", "MoviesWS.ConsumerCmdProxy\MoviesWS.ConsumerCmdProxy.csproj", "{8F4A1213-C4FC-4929-8C5E-F4EF500E7B42}"
	ProjectSection(ProjectDependencies) = postProject
		{1282AD8A-F5B7-4452-81B4-32AA308839F1} = {1282AD8A-F5B7-4452-81B4-32AA308839F1}
	EndProjectSection
EndProject
Global
	GlobalSection(SolutionConfigurationPlatforms) = preSolution
		Debug|Any CPU = Debug|Any CPU
		Release|Any CPU = Release|Any CPU
	EndGlobalSection
	GlobalSection(ProjectConfigurationPlatforms) = postSolution
		{1282AD8A-F5B7-4452-81B4-32AA308839F1}.Debug|Any CPU.ActiveCfg = Debug|Any CPU
		{1282AD8A-F5B7-4452-81B4-32AA308839F1}.Debug|Any CPU.Build.0 = Debug|Any CPU
		{1282AD8A-F5B7-4452-81B4-32AA308839F1}.Release|Any CPU.ActiveCfg = Release|Any CPU
		{1282AD8A-F5B7-4452-81B4-32AA308839F1}.Release|Any CPU.Build.0 = Release|Any CPU
		{084C69F5-3C2C-43E1-97E7-96913233BAC2}.Debug|Any CPU.ActiveCfg = Debug|Any CPU
		{084C69F5-3C2C-43E1-97E7-96913233BAC2}.Debug|Any CPU.Build.0 = Debug|Any CPU
		{084C69F5-3C2C-43E1-97E7-96913233BAC2}.Release|Any CPU.ActiveCfg = Release|Any CPU
		{084C69F5-3C2C-43E1-97E7-96913233BAC2}.Release|Any CPU.Build.0 = Release|Any CPU
		{12F83E37-4302-461A-A9B6-1E2B75B93E5F}.Debug|Any CPU.ActiveCfg = Debug|Any CPU
		{12F83E37-4302-461A-A9B6-1E2B75B93E5F}.Debug|Any CPU.Build.0 = Debug|Any CPU
		{12F83E37-4302-461A-A9B6-1E2B75B93E5F}.Release|Any CPU.ActiveCfg = Release|Any CPU
		{12F83E37-4302-461A-A9B6-1E2B75B93E5F}.Release|Any CPU.Build.0 = Release|Any CPU
		{8F4A1213-C4FC-4929-8C5E-F4EF500E7B42}.Debug|Any CPU.ActiveCfg = Debug|Any CPU
		{8F4A1213-C4FC-4929-8C5E-F4EF500E7B42}.Debug|Any CPU.Build.0 = Debug|Any CPU
		{8F4A1213-C4FC-4929-8C5E-F4EF500E7B42}.Release|Any CPU.ActiveCfg = Release|Any CPU
		{8F4A1213-C4FC-4929-8C5E-F4EF500E7B42}.Release|Any CPU.Build.0 = Release|Any CPU
	EndGlobalSection
	GlobalSection(SolutionProperties) = preSolution
		HideSolutionNode = FALSE
	EndGlobalSection
EndGlobal
