
Microsoft Visual Studio Solution File, Format Version 12.00
# Visual Studio 14
VisualStudioVersion = 14.0.25420.1
MinimumVisualStudioVersion = 10.0.40219.1
Project("{FAE04EC0-301F-11D3-BF4B-00C04F79EFBC}") = "MoviesWS.SOAPService", "MoviesWS.SOAPService\MoviesWS.SOAPService.csproj", "{084C69F5-3C2C-43E1-97E7-96913233BAC2}"
EndProject
Project("{FAE04EC0-301F-11D3-BF4B-00C04F79EFBC}") = "MoviesWS.HostCmd", "MoviesWS_cmdhost\MoviesWS.HostCmd.csproj", "{5A5E5F85-EBB2-466D-AD0B-AF3939B796DA}"
EndProject
Project("{FAE04EC0-301F-11D3-BF4B-00C04F79EFBC}") = "MoviesWS.HostWeb", "MoviesWS.WebHost\MoviesWS.HostWeb.csproj", "{1282AD8A-F5B7-4452-81B4-32AA308839F1}"
EndProject
Project("{FAE04EC0-301F-11D3-BF4B-00C04F79EFBC}") = "MovieWS.ConsumerCmdSelf", "MovieWS.ConsumerCmdSelf\MovieWS.ConsumerCmdSelf.csproj", "{A4756135-688C-4007-8E4A-CA3CDECA6510}"
EndProject
Project("{FAE04EC0-301F-11D3-BF4B-00C04F79EFBC}") = "MoviesWS.Contracts", "MoviesWS.Contracts\MoviesWS.Contracts.csproj", "{12F83E37-4302-461A-A9B6-1E2B75B93E5F}"
EndProject
Global
	GlobalSection(SolutionConfigurationPlatforms) = preSolution
		Debug|Any CPU = Debug|Any CPU
		Debug|Mixed Platforms = Debug|Mixed Platforms
		Debug|x86 = Debug|x86
		Release|Any CPU = Release|Any CPU
		Release|Mixed Platforms = Release|Mixed Platforms
		Release|x86 = Release|x86
	EndGlobalSection
	GlobalSection(ProjectConfigurationPlatforms) = postSolution
		{084C69F5-3C2C-43E1-97E7-96913233BAC2}.Debug|Any CPU.ActiveCfg = Debug|Any CPU
		{084C69F5-3C2C-43E1-97E7-96913233BAC2}.Debug|Any CPU.Build.0 = Debug|Any CPU
		{084C69F5-3C2C-43E1-97E7-96913233BAC2}.Debug|Mixed Platforms.ActiveCfg = Debug|Any CPU
		{084C69F5-3C2C-43E1-97E7-96913233BAC2}.Debug|x86.ActiveCfg = Debug|Any CPU
		{084C69F5-3C2C-43E1-97E7-96913233BAC2}.Release|Any CPU.ActiveCfg = Release|Any CPU
		{084C69F5-3C2C-43E1-97E7-96913233BAC2}.Release|Any CPU.Build.0 = Release|Any CPU
		{084C69F5-3C2C-43E1-97E7-96913233BAC2}.Release|Mixed Platforms.ActiveCfg = Release|Any CPU
		{084C69F5-3C2C-43E1-97E7-96913233BAC2}.Release|x86.ActiveCfg = Release|Any CPU
		{5A5E5F85-EBB2-466D-AD0B-AF3939B796DA}.Debug|Any CPU.ActiveCfg = Debug|Any CPU
		{5A5E5F85-EBB2-466D-AD0B-AF3939B796DA}.Debug|Any CPU.Build.0 = Debug|Any CPU
		{5A5E5F85-EBB2-466D-AD0B-AF3939B796DA}.Debug|Mixed Platforms.ActiveCfg = Debug|Any CPU
		{5A5E5F85-EBB2-466D-AD0B-AF3939B796DA}.Debug|x86.ActiveCfg = Debug|Any CPU
		{5A5E5F85-EBB2-466D-AD0B-AF3939B796DA}.Release|Any CPU.ActiveCfg = Release|Any CPU
		{5A5E5F85-EBB2-466D-AD0B-AF3939B796DA}.Release|Any CPU.Build.0 = Release|Any CPU
		{5A5E5F85-EBB2-466D-AD0B-AF3939B796DA}.Release|Mixed Platforms.ActiveCfg = Release|Any CPU
		{5A5E5F85-EBB2-466D-AD0B-AF3939B796DA}.Release|x86.ActiveCfg = Release|Any CPU
		{1282AD8A-F5B7-4452-81B4-32AA308839F1}.Debug|Any CPU.ActiveCfg = Debug|Any CPU
		{1282AD8A-F5B7-4452-81B4-32AA308839F1}.Debug|Any CPU.Build.0 = Debug|Any CPU
		{1282AD8A-F5B7-4452-81B4-32AA308839F1}.Debug|Mixed Platforms.ActiveCfg = Debug|Any CPU
		{1282AD8A-F5B7-4452-81B4-32AA308839F1}.Debug|x86.ActiveCfg = Debug|Any CPU
		{1282AD8A-F5B7-4452-81B4-32AA308839F1}.Release|Any CPU.ActiveCfg = Release|Any CPU
		{1282AD8A-F5B7-4452-81B4-32AA308839F1}.Release|Any CPU.Build.0 = Release|Any CPU
		{1282AD8A-F5B7-4452-81B4-32AA308839F1}.Release|Mixed Platforms.ActiveCfg = Release|Any CPU
		{1282AD8A-F5B7-4452-81B4-32AA308839F1}.Release|x86.ActiveCfg = Release|Any CPU
		{A4756135-688C-4007-8E4A-CA3CDECA6510}.Debug|Any CPU.ActiveCfg = Debug|Any CPU
		{A4756135-688C-4007-8E4A-CA3CDECA6510}.Debug|Any CPU.Build.0 = Debug|Any CPU
		{A4756135-688C-4007-8E4A-CA3CDECA6510}.Debug|Mixed Platforms.ActiveCfg = Debug|Any CPU
		{A4756135-688C-4007-8E4A-CA3CDECA6510}.Debug|x86.ActiveCfg = Debug|Any CPU
		{A4756135-688C-4007-8E4A-CA3CDECA6510}.Release|Any CPU.ActiveCfg = Release|Any CPU
		{A4756135-688C-4007-8E4A-CA3CDECA6510}.Release|Any CPU.Build.0 = Release|Any CPU
		{A4756135-688C-4007-8E4A-CA3CDECA6510}.Release|Mixed Platforms.ActiveCfg = Release|Any CPU
		{A4756135-688C-4007-8E4A-CA3CDECA6510}.Release|x86.ActiveCfg = Release|Any CPU
		{12F83E37-4302-461A-A9B6-1E2B75B93E5F}.Debug|Any CPU.ActiveCfg = Debug|Any CPU
		{12F83E37-4302-461A-A9B6-1E2B75B93E5F}.Debug|Any CPU.Build.0 = Debug|Any CPU
		{12F83E37-4302-461A-A9B6-1E2B75B93E5F}.Debug|Mixed Platforms.ActiveCfg = Debug|Any CPU
		{12F83E37-4302-461A-A9B6-1E2B75B93E5F}.Debug|x86.ActiveCfg = Debug|Any CPU
		{12F83E37-4302-461A-A9B6-1E2B75B93E5F}.Release|Any CPU.ActiveCfg = Release|Any CPU
		{12F83E37-4302-461A-A9B6-1E2B75B93E5F}.Release|Any CPU.Build.0 = Release|Any CPU
		{12F83E37-4302-461A-A9B6-1E2B75B93E5F}.Release|Mixed Platforms.ActiveCfg = Release|Any CPU
		{12F83E37-4302-461A-A9B6-1E2B75B93E5F}.Release|x86.ActiveCfg = Release|Any CPU
	EndGlobalSection
	GlobalSection(SolutionProperties) = preSolution
		HideSolutionNode = FALSE
	EndGlobalSection
EndGlobal
